{
  "requires": true,
  "lockfileVersion": 1,
  "dependencies": {
    "dayjs": {
      "version": "1.11.9",
      "resolved": "https://registry.npmjs.org/dayjs/-/dayjs-1.11.9.tgz",
      "integrity": "sha512-QvzAURSbQ0pKdIye2txOzNaHmxtUBXerpY0FJsFXUMKbIZeFm5ht1LS/jFsrncjnmtv8HsG0W2g6c0zUjZWmpA=="
    },
    "react-detect-click-outside": {
      "version": "1.1.7",
      "resolved": "https://registry.npmjs.org/react-detect-click-outside/-/react-detect-click-outside-1.1.7.tgz",
      "integrity": "sha512-dMrBZD7JW0Eh/uYNmMLTNwFj6afGYxAnc80fDSGJdjXjxJddH8ZazyMg2emyb8CAx9Hilr+r1fY+tm7O7m9eJg=="
    }
  }
}
